
Microsoft Visual Studio Solution File, Format Version 12.00
# Visual Studio 14
VisualStudioVersion = 14.0.25123.0
MinimumVisualStudioVersion = 10.0.40219.1
Project("{FAE04EC0-301F-11D3-BF4B-00C04F79EFBC}") = "Credit card", "WindowsFormsApplication1\Credit card.csproj", "{169A1331-9150-41D2-9808-A4F249968007}"
EndProject
Global
	GlobalSection(SolutionConfigurationPlatforms) = preSolution
		Debug|Any CPU = Debug|Any CPU
		Release|Any CPU = Release|Any CPU
	EndGlobalSection
	GlobalSection(ProjectConfigurationPlatforms) = postSolution
		{169A1331-9150-41D2-9808-A4F249968007}.Debug|Any CPU.ActiveCfg = Debug|Any CPU
		{169A1331-9150-41D2-9808-A4F249968007}.Debug|Any CPU.Build.0 = Debug|Any CPU
		{169A1331-9150-41D2-9808-A4F249968007}.Release|Any CPU.ActiveCfg = Release|Any CPU
		{169A1331-9150-41D2-9808-A4F249968007}.Release|Any CPU.Build.0 = Release|Any CPU
	EndGlobalSection
	GlobalSection(SolutionProperties) = preSolution
		HideSolutionNode = FALSE
	EndGlobalSection
EndGlobal
